// !$*UTF8*$!
{
	archiveVersion = 1;
	classes = {
	};
	objectVersion = 50;
	objects = {

/* Begin PBXBuildFile section */
		D058022322AC445B006314C4 /* AppDelegate.swift in Sources */ = {isa = PBXBuildFile; fileRef = D058022222AC445B006314C4 /* AppDelegate.swift */; };
		D058022522AC445B006314C4 /* GameScene.sks in Resources */ = {isa = PBXBuildFile; fileRef = D058022422AC445B006314C4 /* GameScene.sks */; };
		D058022722AC445B006314C4 /* Actions.sks in Resources */ = {isa = PBXBuildFile; fileRef = D058022622AC445B006314C4 /* Actions.sks */; };
		D058022922AC445B006314C4 /* GameScene.swift in Sources */ = {isa = PBXBuildFile; fileRef = D058022822AC445B006314C4 /* GameScene.swift */; };
		D058022B22AC445B006314C4 /* GameViewController.swift in Sources */ = {isa = PBXBuildFile; fileRef = D058022A22AC445B006314C4 /* GameViewController.swift */; };
		D058022E22AC445B006314C4 /* Main.storyboard in Resources */ = {isa = PBXBuildFile; fileRef = D058022C22AC445B006314C4 /* Main.storyboard */; };
		D058023022AC445C006314C4 /* Assets.xcassets in Resources */ = {isa = PBXBuildFile; fileRef = D058022F22AC445C006314C4 /* Assets.xcassets */; };
		D058023322AC445C006314C4 /* LaunchScreen.storyboard in Resources */ = {isa = PBXBuildFile; fileRef = D058023122AC445C006314C4 /* LaunchScreen.storyboard */; };
		D058024222AC44CE006314C4 /* powerUp.wav in Resources */ = {isa = PBXBuildFile; fileRef = D058023B22AC44CD006314C4 /* powerUp.wav */; };
		D058024322AC44CE006314C4 /* move.wav in Resources */ = {isa = PBXBuildFile; fileRef = D058023C22AC44CD006314C4 /* move.wav */; };
		D058024422AC44CE006314C4 /* MenuHighscoreMusic.mp3 in Resources */ = {isa = PBXBuildFile; fileRef = D058023D22AC44CD006314C4 /* MenuHighscoreMusic.mp3 */; };
		D058024522AC44CE006314C4 /* background.wav in Resources */ = {isa = PBXBuildFile; fileRef = D058023E22AC44CD006314C4 /* background.wav */; };
		D058024622AC44CE006314C4 /* levelCompleted.wav in Resources */ = {isa = PBXBuildFile; fileRef = D058023F22AC44CD006314C4 /* levelCompleted.wav */; };
		D058024722AC44CE006314C4 /* fail.wav in Resources */ = {isa = PBXBuildFile; fileRef = D058024022AC44CD006314C4 /* fail.wav */; };
		D058024822AC44CE006314C4 /* levelUp.wav in Resources */ = {isa = PBXBuildFile; fileRef = D058024122AC44CD006314C4 /* levelUp.wav */; };
/* End PBXBuildFile section */

/* Begin PBXFileReference section */
		D058021F22AC445B006314C4 /* ColorGame.app */ = {isa = PBXFileReference; explicitFileType = wrapper.application; includeInIndex = 0; path = ColorGame.app; sourceTree = BUILT_PRODUCTS_DIR; };
		D058022222AC445B006314C4 /* AppDelegate.swift */ = {isa = PBXFileReference; lastKnownFileType = sourcecode.swift; path = AppDelegate.swift; sourceTree = "<group>"; };
		D058022422AC445B006314C4 /* GameScene.sks */ = {isa = PBXFileReference; lastKnownFileType = file.sks; path = GameScene.sks; sourceTree = "<group>"; };
		D058022622AC445B006314C4 /* Actions.sks */ = {isa = PBXFileReference; lastKnownFileType = file.sks; path = Actions.sks; sourceTree = "<group>"; };
		D058022822AC445B006314C4 /* GameScene.swift */ = {isa = PBXFileReference; lastKnownFileType = sourcecode.swift; path = GameScene.swift; sourceTree = "<group>"; };
		D058022A22AC445B006314C4 /* GameViewController.swift */ = {isa = PBXFileReference; lastKnownFileType = sourcecode.swift; path = GameViewController.swift; sourceTree = "<group>"; };
		D058022D22AC445B006314C4 /* Base */ = {isa = PBXFileReference; lastKnownFileType = file.storyboard; name = Base; path = Base.lproj/Main.storyboard; sourceTree = "<group>"; };
		D058022F22AC445C006314C4 /* Assets.xcassets */ = {isa = PBXFileReference; lastKnownFileType = folder.assetcatalog; path = Assets.xcassets; sourceTree = "<group>"; };
		D058023222AC445C006314C4 /* Base */ = {isa = PBXFileReference; lastKnownFileType = file.storyboard; name = Base; path = Base.lproj/LaunchScreen.storyboard; sourceTree = "<group>"; };
		D058023422AC445C006314C4 /* Info.plist */ = {isa = PBXFileReference; lastKnownFileType = text.plist.xml; path = Info.plist; sourceTree = "<group>"; };
		D058023B22AC44CD006314C4 /* powerUp.wav */ = {isa = PBXFileReference; lastKnownFileType = audio.wav; path = powerUp.wav; sourceTree = "<group>"; };
		D058023C22AC44CD006314C4 /* move.wav */ = {isa = PBXFileReference; lastKnownFileType = audio.wav; path = move.wav; sourceTree = "<group>"; };
		D058023D22AC44CD006314C4 /* MenuHighscoreMusic.mp3 */ = {isa = PBXFileReference; lastKnownFileType = audio.mp3; path = MenuHighscoreMusic.mp3; sourceTree = "<group>"; };
		D058023E22AC44CD006314C4 /* background.wav */ = {isa = PBXFileReference; lastKnownFileType = audio.wav; path = background.wav; sourceTree = "<group>"; };
		D058023F22AC44CD006314C4 /* levelCompleted.wav */ = {isa = PBXFileReference; lastKnownFileType = audio.wav; path = levelCompleted.wav; sourceTree = "<group>"; };
		D058024022AC44CD006314C4 /* fail.wav */ = {isa = PBXFileReference; lastKnownFileType = audio.wav; path = fail.wav; sourceTree = "<group>"; };
		D058024122AC44CD006314C4 /* levelUp.wav */ = {isa = PBXFileReference; lastKnownFileType = audio.wav; path = levelUp.wav; sourceTree = "<group>"; };
/* End PBXFileReference section */

/* Begin PBXFrameworksBuildPhase section */
		D058021C22AC445B006314C4 /* Frameworks */ = {
			isa = PBXFrameworksBuildPhase;
			buildActionMask = 2147483647;
			files = (
			);
			runOnlyForDeploymentPostprocessing = 0;
		};
/* End PBXFrameworksBuildPhase section */

/* Begin PBXGroup section */
		D058021622AC445B006314C4 = {
			isa = PBXGroup;
			children = (
				D058022122AC445B006314C4 /* ColorGame */,
				D058022022AC445B006314C4 /* Products */,
			);
			sourceTree = "<group>";
		};
		D058022022AC445B006314C4 /* Products */ = {
			isa = PBXGroup;
			children = (
				D058021F22AC445B006314C4 /* ColorGame.app */,
			);
			name = Products;
			sourceTree = "<group>";
		};
		D058022122AC445B006314C4 /* ColorGame */ = {
			isa = PBXGroup;
			children = (
				D058022222AC445B006314C4 /* AppDelegate.swift */,
				D058022422AC445B006314C4 /* GameScene.sks */,
				D058022622AC445B006314C4 /* Actions.sks */,
				D058022822AC445B006314C4 /* GameScene.swift */,
				D058022A22AC445B006314C4 /* GameViewController.swift */,
				D058022C22AC445B006314C4 /* Main.storyboard */,
				D058022F22AC445C006314C4 /* Assets.xcassets */,
				D058023A22AC44CD006314C4 /* Sounds */,
				D058023122AC445C006314C4 /* LaunchScreen.storyboard */,
				D058023422AC445C006314C4 /* Info.plist */,
			);
			path = ColorGame;
			sourceTree = "<group>";
		};
		D058023A22AC44CD006314C4 /* Sounds */ = {
			isa = PBXGroup;
			children = (
				D058023B22AC44CD006314C4 /* powerUp.wav */,
				D058023C22AC44CD006314C4 /* move.wav */,
				D058023D22AC44CD006314C4 /* MenuHighscoreMusic.mp3 */,
				D058023E22AC44CD006314C4 /* background.wav */,
				D058023F22AC44CD006314C4 /* levelCompleted.wav */,
				D058024022AC44CD006314C4 /* fail.wav */,
				D058024122AC44CD006314C4 /* levelUp.wav */,
			);
			path = Sounds;
			sourceTree = "<group>";
		};
/* End PBXGroup section */

/* Begin PBXNativeTarget section */
		D058021E22AC445B006314C4 /* ColorGame */ = {
			isa = PBXNativeTarget;
			buildConfigurationList = D058023722AC445C006314C4 /* Build configuration list for PBXNativeTarget "ColorGame" */;
			buildPhases = (
				D058021B22AC445B006314C4 /* Sources */,
				D058021C22AC445B006314C4 /* Frameworks */,
				D058021D22AC445B006314C4 /* Resources */,
			);
			buildRules = (
			);
			dependencies = (
			);
			name = ColorGame;
			productName = ColorGame;
			productReference = D058021F22AC445B006314C4 /* ColorGame.app */;
			productType = "com.apple.product-type.application";
		};
/* End PBXNativeTarget section */

/* Begin PBXProject section */
		D058021722AC445B006314C4 /* Project object */ = {
			isa = PBXProject;
			attributes = {
				LastSwiftUpdateCheck = 1020;
				LastUpgradeCheck = 1020;
				ORGANIZATIONNAME = Riitech;
				TargetAttributes = {
					D058021E22AC445B006314C4 = {
						CreatedOnToolsVersion = 10.2.1;
					};
				};
			};
			buildConfigurationList = D058021A22AC445B006314C4 /* Build configuration list for PBXProject "ColorGame" */;
			compatibilityVersion = "Xcode 9.3";
			developmentRegion = en;
			hasScannedForEncodings = 0;
			knownRegions = (
				en,
				Base,
			);
			mainGroup = D058021622AC445B006314C4;
			productRefGroup = D058022022AC445B006314C4 /* Products */;
			projectDirPath = "";
			projectRoot = "";
			targets = (
				D058021E22AC445B006314C4 /* ColorGame */,
			);
		};
/* End PBXProject section */

/* Begin PBXResourcesBuildPhase section */
		D058021D22AC445B006314C4 /* Resources */ = {
			isa = PBXResourcesBuildPhase;
			buildActionMask = 2147483647;
			files = (
				D058022E22AC445B006314C4 /* Main.storyboard in Resources */,
				D058022522AC445B006314C4 /* GameScene.sks in Resources */,
				D058024522AC44CE006314C4 /* background.wav in Resources */,
				D058024622AC44CE006314C4 /* levelCompleted.wav in Resources */,
				D058024822AC44CE006314C4 /* levelUp.wav in Resources */,
				D058023022AC445C006314C4 /* Assets.xcassets in Resources */,
				D058024322AC44CE006314C4 /* move.wav in Resources */,
				D058023322AC445C006314C4 /* LaunchScreen.storyboard in Resources */,
				D058022722AC445B006314C4 /* Actions.sks in Resources */,
				D058024722AC44CE006314C4 /* fail.wav in Resources */,
				D058024422AC44CE006314C4 /* MenuHighscoreMusic.mp3 in Resources */,
				D058024222AC44CE006314C4 /* powerUp.wav in Resources */,
			);
			runOnlyForDeploymentPostprocessing = 0;
		};
/* End PBXResourcesBuildPhase section */

/* Begin PBXSourcesBuildPhase section */
		D058021B22AC445B006314C4 /* Sources */ = {
			isa = PBXSourcesBuildPhase;
			buildActionMask = 2147483647;
			files = (
				D058022922AC445B006314C4 /* GameScene.swift in Sources */,
				D058022B22AC445B006314C4 /* GameViewController.swift in Sources */,
				D058022322AC445B006314C4 /* AppDelegate.swift in Sources */,
			);
			runOnlyForDeploymentPostprocessing = 0;
		};
/* End PBXSourcesBuildPhase section */

/* Begin PBXVariantGroup section */
		D058022C22AC445B006314C4 /* Main.storyboard */ = {
			isa = PBXVariantGroup;
			children = (
				D058022D22AC445B006314C4 /* Base */,
			);
			name = Main.storyboard;
			sourceTree = "<group>";
		};
		D058023122AC445C006314C4 /* LaunchScreen.storyboard */ = {
			isa = PBXVariantGroup;
			children = (
				D058023222AC445C006314C4 /* Base */,
			);
			name = LaunchScreen.storyboard;
			sourceTree = "<group>";
		};
/* End PBXVariantGroup section */

/* Begin XCBuildConfiguration section */
		D058023522AC445C006314C4 /* Debug */ = {
			isa = XCBuildConfiguration;
			buildSettings = {
				ALWAYS_SEARCH_USER_PATHS = NO;
				CLANG_ANALYZER_NONNULL = YES;
				CLANG_ANALYZER_NUMBER_OBJECT_CONVERSION = YES_AGGRESSIVE;
				CLANG_CXX_LANGUAGE_STANDARD = "gnu++14";
				CLANG_CXX_LIBRARY = "libc++";
				CLANG_ENABLE_MODULES = YES;
				CLANG_ENABLE_OBJC_ARC = YES;
				CLANG_ENABLE_OBJC_WEAK = YES;
				CLANG_WARN_BLOCK_CAPTURE_AUTORELEASING = YES;
				CLANG_WARN_BOOL_CONVERSION = YES;
				CLANG_WARN_COMMA = YES;
				CLANG_WARN_CONSTANT_CONVERSION = YES;
				CLANG_WARN_DEPRECATED_OBJC_IMPLEMENTATIONS = YES;
				CLANG_WARN_DIRECT_OBJC_ISA_USAGE = YES_ERROR;
				CLANG_WARN_DOCUMENTATION_COMMENTS = YES;
				CLANG_WARN_EMPTY_BODY = YES;
				CLANG_WARN_ENUM_CONVERSION = YES;
				CLANG_WARN_INFINITE_RECURSION = YES;
				CLANG_WARN_INT_CONVERSION = YES;
				CLANG_WARN_NON_LITERAL_NULL_CONVERSION = YES;
				CLANG_WARN_OBJC_IMPLICIT_RETAIN_SELF = YES;
				CLANG_WARN_OBJC_LITERAL_CONVERSION = YES;
				CLANG_WARN_OBJC_ROOT_CLASS = YES_ERROR;
				CLANG_WARN_RANGE_LOOP_ANALYSIS = YES;
				CLANG_WARN_STRICT_PROTOTYPES = YES;
				CLANG_WARN_SUSPICIOUS_MOVE = YES;
				CLANG_WARN_UNGUARDED_AVAILABILITY = YES_AGGRESSIVE;
				CLANG_WARN_UNREACHABLE_CODE = YES;
				CLANG_WARN__DUPLICATE_METHOD_MATCH = YES;
				CODE_SIGN_IDENTITY = "iPhone Developer";
				COPY_PHASE_STRIP = NO;
				DEBUG_INFORMATION_FORMAT = dwarf;
				ENABLE_STRICT_OBJC_MSGSEND = YES;
				ENABLE_TESTABILITY = YES;
				GCC_C_LANGUAGE_STANDARD = gnu11;
				GCC_DYNAMIC_NO_PIC = NO;
				GCC_NO_COMMON_BLOCKS = YES;
				GCC_OPTIMIZATION_LEVEL = 0;
				GCC_PREPROCESSOR_DEFINITIONS = (
					"DEBUG=1",
					"$(inherited)",
				);
				GCC_WARN_64_TO_32_BIT_CONVERSION = YES;
				GCC_WARN_ABOUT_RETURN_TYPE = YES_ERROR;
				GCC_WARN_UNDECLARED_SELECTOR = YES;
				GCC_WARN_UNINITIALIZED_AUTOS = YES_AGGRESSIVE;
				GCC_WARN_UNUSED_FUNCTION = YES;
				GCC_WARN_UNUSED_VARIABLE = YES;
				IPHONEOS_DEPLOYMENT_TARGET = 12.2;
				MTL_ENABLE_DEBUG_INFO = INCLUDE_SOURCE;
				MTL_FAST_MATH = YES;
				ONLY_ACTIVE_ARCH = YES;
				SDKROOT = iphoneos;
				SWIFT_ACTIVE_COMPILATION_CONDITIONS = DEBUG;
				SWIFT_OPTIMIZATION_LEVEL = "-Onone";
			};
			name = Debug;
		};
		D058023622AC445C006314C4 /* Release */ = {
			isa = XCBuildConfiguration;
			buildSettings = {
				ALWAYS_SEARCH_USER_PATHS = NO;
				CLANG_ANALYZER_NONNULL = YES;
				CLANG_ANALYZER_NUMBER_OBJECT_CONVERSION = YES_AGGRESSIVE;
				CLANG_CXX_LANGUAGE_STANDARD = "gnu++14";
				CLANG_CXX_LIBRARY = "libc++";
				CLANG_ENABLE_MODULES = YES;
				CLANG_ENABLE_OBJC_ARC = YES;
				CLANG_ENABLE_OBJC_WEAK = YES;
				CLANG_WARN_BLOCK_CAPTURE_AUTORELEASING = YES;
				CLANG_WARN_BOOL_CONVERSION = YES;
				CLANG_WARN_COMMA = YES;
				CLANG_WARN_CONSTANT_CONVERSION = YES;
				CLANG_WARN_DEPRECATED_OBJC_IMPLEMENTATIONS = YES;
				CLANG_WARN_DIRECT_OBJC_ISA_USAGE = YES_ERROR;
				CLANG_WARN_DOCUMENTATION_COMMENTS = YES;
				CLANG_WARN_EMPTY_BODY = YES;
				CLANG_WARN_ENUM_CONVERSION = YES;
				CLANG_WARN_INFINITE_RECURSION = YES;
				CLANG_WARN_INT_CONVERSION = YES;
				CLANG_WARN_NON_LITERAL_NULL_CONVERSION = YES;
				CLANG_WARN_OBJC_IMPLICIT_RETAIN_SELF = YES;
				CLANG_WARN_OBJC_LITERAL_CONVERSION = YES;
				CLANG_WARN_OBJC_ROOT_CLASS = YES_ERROR;
				CLANG_WARN_RANGE_LOOP_ANALYSIS = YES;
				CLANG_WARN_STRICT_PROTOTYPES = YES;
				CLANG_WARN_SUSPICIOUS_MOVE = YES;
				CLANG_WARN_UNGUARDED_AVAILABILITY = YES_AGGRESSIVE;
				CLANG_WARN_UNREACHABLE_CODE = YES;
				CLANG_WARN__DUPLICATE_METHOD_MATCH = YES;
				CODE_SIGN_IDENTITY = "iPhone Developer";
				COPY_PHASE_STRIP = NO;
				DEBUG_INFORMATION_FORMAT = "dwarf-with-dsym";
				ENABLE_NS_ASSERTIONS = NO;
				ENABLE_STRICT_OBJC_MSGSEND = YES;
				GCC_C_LANGUAGE_STANDARD = gnu11;
				GCC_NO_COMMON_BLOCKS = YES;
				GCC_WARN_64_TO_32_BIT_CONVERSION = YES;
				GCC_WARN_ABOUT_RETURN_TYPE = YES_ERROR;
				GCC_WARN_UNDECLARED_SELECTOR = YES;
				GCC_WARN_UNINITIALIZED_AUTOS = YES_AGGRESSIVE;
				GCC_WARN_UNUSED_FUNCTION = YES;
				GCC_WARN_UNUSED_VARIABLE = YES;
				IPHONEOS_DEPLOYMENT_TARGET = 12.2;
				MTL_ENABLE_DEBUG_INFO = NO;
				MTL_FAST_MATH = YES;
				SDKROOT = iphoneos;
				SWIFT_COMPILATION_MODE = wholemodule;
				SWIFT_OPTIMIZATION_LEVEL = "-O";
				VALIDATE_PRODUCT = YES;
			};
			name = Release;
		};
		D058023822AC445C006314C4 /* Debug */ = {
			isa = XCBuildConfiguration;
			buildSettings = {
				ASSETCATALOG_COMPILER_APPICON_NAME = AppIcon;
				CODE_SIGN_STYLE = Automatic;
				DEVELOPMENT_TEAM = 7UKR2YNB5L;
				INFOPLIST_FILE = ColorGame/Info.plist;
				LD_RUNPATH_SEARCH_PATHS = (
					"$(inherited)",
					"@executable_path/Frameworks",
				);
				PRODUCT_BUNDLE_IDENTIFIER = com.riitech.ColorGame;
				PRODUCT_NAME = "$(TARGET_NAME)";
				SWIFT_VERSION = 5.0;
				TARGETED_DEVICE_FAMILY = "1,2";
			};
			name = Debug;
		};
		D058023922AC445C006314C4 /* Release */ = {
			isa = XCBuildConfiguration;
			buildSettings = {
				ASSETCATALOG_COMPILER_APPICON_NAME = AppIcon;
				CODE_SIGN_STYLE = Automatic;
				DEVELOPMENT_TEAM = 7UKR2YNB5L;
				INFOPLIST_FILE = ColorGame/Info.plist;
				LD_RUNPATH_SEARCH_PATHS = (
					"$(inherited)",
					"@executable_path/Frameworks",
				);
				PRODUCT_BUNDLE_IDENTIFIER = com.riitech.ColorGame;
				PRODUCT_NAME = "$(TARGET_NAME)";
				SWIFT_VERSION = 5.0;
				TARGETED_DEVICE_FAMILY = "1,2";
			};
			name = Release;
		};
/* End XCBuildConfiguration section */

/* Begin XCConfigurationList section */
		D058021A22AC445B006314C4 /* Build configuration list for PBXProject "ColorGame" */ = {
			isa = XCConfigurationList;
			buildConfigurations = (
				D058023522AC445C006314C4 /* Debug */,
				D058023622AC445C006314C4 /* Release */,
			);
			defaultConfigurationIsVisible = 0;
			defaultConfigurationName = Release;
		};
		D058023722AC445C006314C4 /* Build configuration list for PBXNativeTarget "ColorGame" */ = {
			isa = XCConfigurationList;
			buildConfigurations = (
				D058023822AC445C006314C4 /* Debug */,
				D058023922AC445C006314C4 /* Release */,
			);
			defaultConfigurationIsVisible = 0;
			defaultConfigurationName = Release;
		};
/* End XCConfigurationList section */
	};
	rootObject = D058021722AC445B006314C4 /* Project object */;
}
